
Microsoft Visual Studio Solution File, Format Version 12.00
# Visual Studio Version 17
VisualStudioVersion = 17.4.33122.133
MinimumVisualStudioVersion = 10.0.40219.1
Project("{FAE04EC0-301F-11D3-BF4B-00C04F79EFBC}") = "New_5_4", "New_5_4\New_5_4.csproj", "{09386CAD-313F-49C7-977C-08D19996A374}"
EndProject
Global
	GlobalSection(SolutionConfigurationPlatforms) = preSolution
		Debug|Any CPU = Debug|Any CPU
		Release|Any CPU = Release|Any CPU
	EndGlobalSection
	GlobalSection(ProjectConfigurationPlatforms) = postSolution
		{09386CAD-313F-49C7-977C-08D19996A374}.Debug|Any CPU.ActiveCfg = Debug|Any CPU
		{09386CAD-313F-49C7-977C-08D19996A374}.Debug|Any CPU.Build.0 = Debug|Any CPU
		{09386CAD-313F-49C7-977C-08D19996A374}.Release|Any CPU.ActiveCfg = Release|Any CPU
		{09386CAD-313F-49C7-977C-08D19996A374}.Release|Any CPU.Build.0 = Release|Any CPU
	EndGlobalSection
	GlobalSection(SolutionProperties) = preSolution
		HideSolutionNode = FALSE
	EndGlobalSection
	GlobalSection(ExtensibilityGlobals) = postSolution
		SolutionGuid = {1EEE404C-472A-4DD9-8AEE-6B9B847F4DF6}
	EndGlobalSection
EndGlobal
